
Microsoft Visual Studio Solution File, Format Version 12.00
# Visual Studio 2013
VisualStudioVersion = 12.0.30501.0
MinimumVisualStudioVersion = 10.0.40219.1
Project("{FAE04EC0-301F-11D3-BF4B-00C04F79EFBC}") = "SimpleBet", "SimpleBet\SimpleBet.csproj", "{0235BA10-3408-4269-939F-41470FCBBB53}"
EndProject
Project("{FAE04EC0-301F-11D3-BF4B-00C04F79EFBC}") = "SimpleBet.Tests", "SimpleBet.Tests\SimpleBet.Tests.csproj", "{2FED18CA-5078-4F52-B6C1-C87C3731F2E3}"
EndProject
Global
	GlobalSection(SolutionConfigurationPlatforms) = preSolution
		Debug|Any CPU = Debug|Any CPU
		Release|Any CPU = Release|Any CPU
	EndGlobalSection
	GlobalSection(ProjectConfigurationPlatforms) = postSolution
		{0235BA10-3408-4269-939F-41470FCBBB53}.Debug|Any CPU.ActiveCfg = Debug|Any CPU
		{0235BA10-3408-4269-939F-41470FCBBB53}.Debug|Any CPU.Build.0 = Debug|Any CPU
		{0235BA10-3408-4269-939F-41470FCBBB53}.Release|Any CPU.ActiveCfg = Release|Any CPU
		{0235BA10-3408-4269-939F-41470FCBBB53}.Release|Any CPU.Build.0 = Release|Any CPU
		{2FED18CA-5078-4F52-B6C1-C87C3731F2E3}.Debug|Any CPU.ActiveCfg = Debug|Any CPU
		{2FED18CA-5078-4F52-B6C1-C87C3731F2E3}.Debug|Any CPU.Build.0 = Debug|Any CPU
		{2FED18CA-5078-4F52-B6C1-C87C3731F2E3}.Release|Any CPU.ActiveCfg = Release|Any CPU
		{2FED18CA-5078-4F52-B6C1-C87C3731F2E3}.Release|Any CPU.Build.0 = Release|Any CPU
	EndGlobalSection
	GlobalSection(SolutionProperties) = preSolution
		HideSolutionNode = FALSE
	EndGlobalSection
EndGlobal
